
Microsoft Visual Studio Solution File, Format Version 12.00
# Visual Studio 2010
Project("{8BC9CEB8-8B4A-11D0-8D11-00A0C91BC942}") = "BasicSdkApplication", "BasicSdkApplication.vcxproj", "{42C80314-4F6F-4431-8DDE-313951F5E8AC}"
	ProjectSection(ProjectDependencies) = postProject
		{57B12BC4-A940-4D0B-A531-E77C671BD580} = {57B12BC4-A940-4D0B-A531-E77C671BD580}
	EndProjectSection
EndProject
Project("{8BC9CEB8-8B4A-11D0-8D11-00A0C91BC942}") = "CloudBuilder", "..\..\CloudBuilder\CloudBuilderWin32\CloudBuilderWin32.vcxproj", "{57B12BC4-A940-4D0B-A531-E77C671BD580}"
EndProject
Global
	GlobalSection(SolutionConfigurationPlatforms) = preSolution
		Debug_VS2010_x64|Win32 = Debug_VS2010_x64|Win32
		Debug_VS2010|Win32 = Debug_VS2010|Win32
		Debug_VS2012|Win32 = Debug_VS2012|Win32
		Debug|Win32 = Debug|Win32
		Release_VS2010|Win32 = Release_VS2010|Win32
		Release_VS2012|Win32 = Release_VS2012|Win32
		Release|Win32 = Release|Win32
	EndGlobalSection
	GlobalSection(ProjectConfigurationPlatforms) = postSolution
		{42C80314-4F6F-4431-8DDE-313951F5E8AC}.Debug_VS2010_x64|Win32.ActiveCfg = Debug_VS2010|Win32
		{42C80314-4F6F-4431-8DDE-313951F5E8AC}.Debug_VS2010_x64|Win32.Build.0 = Debug_VS2010|Win32
		{42C80314-4F6F-4431-8DDE-313951F5E8AC}.Debug_VS2010|Win32.ActiveCfg = Debug_VS2010|Win32
		{42C80314-4F6F-4431-8DDE-313951F5E8AC}.Debug_VS2010|Win32.Build.0 = Debug_VS2010|Win32
		{42C80314-4F6F-4431-8DDE-313951F5E8AC}.Debug_VS2012|Win32.ActiveCfg = Debug_VS2012|Win32
		{42C80314-4F6F-4431-8DDE-313951F5E8AC}.Debug_VS2012|Win32.Build.0 = Debug_VS2012|Win32
		{42C80314-4F6F-4431-8DDE-313951F5E8AC}.Debug|Win32.ActiveCfg = Debug_VS2010|Win32
		{42C80314-4F6F-4431-8DDE-313951F5E8AC}.Debug|Win32.Build.0 = Debug_VS2010|Win32
		{42C80314-4F6F-4431-8DDE-313951F5E8AC}.Release_VS2010|Win32.ActiveCfg = Release_VS2010|Win32
		{42C80314-4F6F-4431-8DDE-313951F5E8AC}.Release_VS2010|Win32.Build.0 = Release_VS2010|Win32
		{42C80314-4F6F-4431-8DDE-313951F5E8AC}.Release_VS2012|Win32.ActiveCfg = Release_VS2012|Win32
		{42C80314-4F6F-4431-8DDE-313951F5E8AC}.Release_VS2012|Win32.Build.0 = Release_VS2012|Win32
		{42C80314-4F6F-4431-8DDE-313951F5E8AC}.Release|Win32.ActiveCfg = Release_VS2010|Win32
		{42C80314-4F6F-4431-8DDE-313951F5E8AC}.Release|Win32.Build.0 = Release_VS2010|Win32
		{57B12BC4-A940-4D0B-A531-E77C671BD580}.Debug_VS2010_x64|Win32.ActiveCfg = Debug_VS2010_x64|Win32
		{57B12BC4-A940-4D0B-A531-E77C671BD580}.Debug_VS2010_x64|Win32.Build.0 = Debug_VS2010_x64|Win32
		{57B12BC4-A940-4D0B-A531-E77C671BD580}.Debug_VS2010|Win32.ActiveCfg = Debug_VS2010|Win32
		{57B12BC4-A940-4D0B-A531-E77C671BD580}.Debug_VS2010|Win32.Build.0 = Debug_VS2010|Win32
		{57B12BC4-A940-4D0B-A531-E77C671BD580}.Debug_VS2012|Win32.ActiveCfg = Debug_VS2012|Win32
		{57B12BC4-A940-4D0B-A531-E77C671BD580}.Debug_VS2012|Win32.Build.0 = Debug_VS2012|Win32
		{57B12BC4-A940-4D0B-A531-E77C671BD580}.Debug|Win32.ActiveCfg = Debug_VS2010|Win32
		{57B12BC4-A940-4D0B-A531-E77C671BD580}.Debug|Win32.Build.0 = Debug_VS2010|Win32
		{57B12BC4-A940-4D0B-A531-E77C671BD580}.Release_VS2010|Win32.ActiveCfg = Release_VS2010|Win32
		{57B12BC4-A940-4D0B-A531-E77C671BD580}.Release_VS2010|Win32.Build.0 = Release_VS2010|Win32
		{57B12BC4-A940-4D0B-A531-E77C671BD580}.Release_VS2012|Win32.ActiveCfg = Release_VS2012|Win32
		{57B12BC4-A940-4D0B-A531-E77C671BD580}.Release_VS2012|Win32.Build.0 = Release_VS2012|Win32
		{57B12BC4-A940-4D0B-A531-E77C671BD580}.Release|Win32.ActiveCfg = Release_VS2012|Win32
		{57B12BC4-A940-4D0B-A531-E77C671BD580}.Release|Win32.Build.0 = Release_VS2012|Win32
	EndGlobalSection
	GlobalSection(SolutionProperties) = preSolution
		HideSolutionNode = FALSE
	EndGlobalSection
EndGlobal
