<?xml version="1.0" encoding="utf-8"?>
<Project ToolsVersion="4.0" xmlns="http://schemas.microsoft.com/developer/msbuild/2003">
  <ItemGroup>
    <Filter Include="Resource Files">
      <UniqueIdentifier>{67DA6AB6-F800-4c08-8B7A-83BB121AAD01}</UniqueIdentifier>
      <Extensions>rc;ico;cur;bmp;dlg;rc2;rct;bin;rgs;gif;jpg;jpeg;jpe;resx;tiff;tif;png;wav;mfcribbon-ms</Extensions>
    </Filter>
    <Filter Include="Source Files">
      <UniqueIdentifier>{952a90fa-e799-4985-b9eb-30d70f6c6c38}</UniqueIdentifier>
    </Filter>
  </ItemGroup>
  <ItemGroup>
    <ClCompile Include="..\lib\asyn-thread.c">
      <Filter>Source Files</Filter>
    </ClCompile>
    <ClCompile Include="..\lib\base64.c">
      <Filter>Source Files</Filter>
    </ClCompile>
    <ClCompile Include="..\lib\connect.c">
      <Filter>Source Files</Filter>
    </ClCompile>
    <ClCompile Include="..\lib\cookie.c">
      <Filter>Source Files</Filter>
    </ClCompile>
    <ClCompile Include="..\lib\curl_addrinfo.c">
      <Filter>Source Files</Filter>
    </ClCompile>
    <ClCompile Include="..\lib\curl_memrchr.c">
      <Filter>Source Files</Filter>
    </ClCompile>
    <ClCompile Include="..\lib\curl_rand.c">
      <Filter>Source Files</Filter>
    </ClCompile>
    <ClCompile Include="..\lib\curl_threads.c">
      <Filter>Source Files</Filter>
    </ClCompile>
    <ClCompile Include="..\lib\cyassl.c">
      <Filter>Source Files</Filter>
    </ClCompile>
    <ClCompile Include="..\lib\easy.c">
      <Filter>Source Files</Filter>
    </ClCompile>
    <ClCompile Include="..\lib\escape.c">
      <Filter>Source Files</Filter>
    </ClCompile>
    <ClCompile Include="..\lib\fileinfo.c">
      <Filter>Source Files</Filter>
    </ClCompile>
    <ClCompile Include="..\lib\formdata.c">
      <Filter>Source Files</Filter>
    </ClCompile>
    <ClCompile Include="..\lib\getenv.c">
      <Filter>Source Files</Filter>
    </ClCompile>
    <ClCompile Include="..\lib\getinfo.c">
      <Filter>Source Files</Filter>
    </ClCompile>
    <ClCompile Include="..\lib\hash.c">
      <Filter>Source Files</Filter>
    </ClCompile>
    <ClCompile Include="..\lib\hostasyn.c">
      <Filter>Source Files</Filter>
    </ClCompile>
    <ClCompile Include="..\lib\hostip.c">
      <Filter>Source Files</Filter>
    </ClCompile>
    <ClCompile Include="..\lib\hostip4.c">
      <Filter>Source Files</Filter>
    </ClCompile>
    <ClCompile Include="..\lib\http.c">
      <Filter>Source Files</Filter>
    </ClCompile>
    <ClCompile Include="..\lib\http_chunks.c">
      <Filter>Source Files</Filter>
    </ClCompile>
    <ClCompile Include="..\lib\http_digest.c">
      <Filter>Source Files</Filter>
    </ClCompile>
    <ClCompile Include="..\lib\http_proxy.c">
      <Filter>Source Files</Filter>
    </ClCompile>
    <ClCompile Include="..\lib\if2ip.c">
      <Filter>Source Files</Filter>
    </ClCompile>
    <ClCompile Include="..\lib\inet_ntop.c">
      <Filter>Source Files</Filter>
    </ClCompile>
    <ClCompile Include="..\lib\inet_pton.c">
      <Filter>Source Files</Filter>
    </ClCompile>
    <ClCompile Include="..\lib\llist.c">
      <Filter>Source Files</Filter>
    </ClCompile>
    <ClCompile Include="..\lib\md5.c">
      <Filter>Source Files</Filter>
    </ClCompile>
    <ClCompile Include="..\lib\mprintf.c">
      <Filter>Source Files</Filter>
    </ClCompile>
    <ClCompile Include="..\lib\multi.c">
      <Filter>Source Files</Filter>
    </ClCompile>
    <ClCompile Include="..\lib\netrc.c">
      <Filter>Source Files</Filter>
    </ClCompile>
    <ClCompile Include="..\lib\nonblock.c">
      <Filter>Source Files</Filter>
    </ClCompile>
    <ClCompile Include="..\lib\parsedate.c">
      <Filter>Source Files</Filter>
    </ClCompile>
    <ClCompile Include="..\lib\progress.c">
      <Filter>Source Files</Filter>
    </ClCompile>
    <ClCompile Include="..\lib\rawstr.c">
      <Filter>Source Files</Filter>
    </ClCompile>
    <ClCompile Include="..\lib\select.c">
      <Filter>Source Files</Filter>
    </ClCompile>
    <ClCompile Include="..\lib\sendf.c">
      <Filter>Source Files</Filter>
    </ClCompile>
    <ClCompile Include="..\lib\share.c">
      <Filter>Source Files</Filter>
    </ClCompile>
    <ClCompile Include="..\lib\slist.c">
      <Filter>Source Files</Filter>
    </ClCompile>
    <ClCompile Include="..\lib\socks.c">
      <Filter>Source Files</Filter>
    </ClCompile>
    <ClCompile Include="..\lib\speedcheck.c">
      <Filter>Source Files</Filter>
    </ClCompile>
    <ClCompile Include="..\lib\splay.c">
      <Filter>Source Files</Filter>
    </ClCompile>
    <ClCompile Include="..\lib\sslgen.c">
      <Filter>Source Files</Filter>
    </ClCompile>
    <ClCompile Include="..\lib\ssluse.c">
      <Filter>Source Files</Filter>
    </ClCompile>
    <ClCompile Include="..\lib\strequal.c">
      <Filter>Source Files</Filter>
    </ClCompile>
    <ClCompile Include="..\lib\strerror.c">
      <Filter>Source Files</Filter>
    </ClCompile>
    <ClCompile Include="..\lib\strtok.c">
      <Filter>Source Files</Filter>
    </ClCompile>
    <ClCompile Include="..\lib\timeval.c">
      <Filter>Source Files</Filter>
    </ClCompile>
    <ClCompile Include="..\lib\transfer.c">
      <Filter>Source Files</Filter>
    </ClCompile>
    <ClCompile Include="..\lib\url.c">
      <Filter>Source Files</Filter>
    </ClCompile>
    <ClCompile Include="..\lib\warnless.c">
      <Filter>Source Files</Filter>
    </ClCompile>
    <ClCompile Include="..\lib\wildcard.c">
      <Filter>Source Files</Filter>
    </ClCompile>
  </ItemGroup>
</Project>