// !$*UTF8*$!
{
	archiveVersion = 1;
	classes = {
	};
	objectVersion = 46;
	objects = {

/* Begin PBXBuildFile section */
		1724DB2C1A3063340065EC4A /* Game.cpp in Sources */ = {isa = PBXBuildFile; fileRef = 1724DB241A3063340065EC4A /* Game.cpp */; };
		1724DB2D1A3063340065EC4A /* Input.cpp in Sources */ = {isa = PBXBuildFile; fileRef = 1724DB261A3063340065EC4A /* Input.cpp */; };
		1724DB2E1A3063340065EC4A /* Lobby.cpp in Sources */ = {isa = PBXBuildFile; fileRef = 1724DB281A3063340065EC4A /* Lobby.cpp */; };
		1724DB2F1A3063340065EC4A /* main.cpp in Sources */ = {isa = PBXBuildFile; fileRef = 1724DB2A1A3063340065EC4A /* main.cpp */; };
		178C8DD01A306274000C961D /* libstdc++.6.0.9.dylib in Frameworks */ = {isa = PBXBuildFile; fileRef = 178C8DCF1A306274000C961D /* libstdc++.6.0.9.dylib */; };
/* End PBXBuildFile section */

/* Begin PBXCopyFilesBuildPhase section */
		178C8DB01A306122000C961D /* CopyFiles */ = {
			isa = PBXCopyFilesBuildPhase;
			buildActionMask = 2147483647;
			dstPath = /usr/share/man/man1/;
			dstSubfolderSpec = 0;
			files = (
			);
			runOnlyForDeploymentPostprocessing = 1;
		};
/* End PBXCopyFilesBuildPhase section */

/* Begin PBXFileReference section */
		1724DB231A3063340065EC4A /* ClanUtils.h */ = {isa = PBXFileReference; fileEncoding = 4; lastKnownFileType = sourcecode.c.h; path = ClanUtils.h; sourceTree = SOURCE_ROOT; };
		1724DB241A3063340065EC4A /* Game.cpp */ = {isa = PBXFileReference; fileEncoding = 4; lastKnownFileType = sourcecode.cpp.cpp; path = Game.cpp; sourceTree = SOURCE_ROOT; };
		1724DB251A3063340065EC4A /* Game.h */ = {isa = PBXFileReference; fileEncoding = 4; lastKnownFileType = sourcecode.c.h; path = Game.h; sourceTree = SOURCE_ROOT; };
		1724DB261A3063340065EC4A /* Input.cpp */ = {isa = PBXFileReference; fileEncoding = 4; lastKnownFileType = sourcecode.cpp.cpp; path = Input.cpp; sourceTree = SOURCE_ROOT; };
		1724DB271A3063340065EC4A /* Input.h */ = {isa = PBXFileReference; fileEncoding = 4; lastKnownFileType = sourcecode.c.h; path = Input.h; sourceTree = SOURCE_ROOT; };
		1724DB281A3063340065EC4A /* Lobby.cpp */ = {isa = PBXFileReference; fileEncoding = 4; lastKnownFileType = sourcecode.cpp.cpp; path = Lobby.cpp; sourceTree = SOURCE_ROOT; };
		1724DB291A3063340065EC4A /* Lobby.h */ = {isa = PBXFileReference; fileEncoding = 4; lastKnownFileType = sourcecode.c.h; path = Lobby.h; sourceTree = SOURCE_ROOT; };
		1724DB2A1A3063340065EC4A /* main.cpp */ = {isa = PBXFileReference; fileEncoding = 4; lastKnownFileType = sourcecode.cpp.cpp; path = main.cpp; sourceTree = SOURCE_ROOT; };
		1724DB2B1A3063340065EC4A /* Tokenizer.hpp */ = {isa = PBXFileReference; fileEncoding = 4; lastKnownFileType = sourcecode.cpp.h; path = Tokenizer.hpp; sourceTree = SOURCE_ROOT; };
		178C8DB21A306122000C961D /* CmdTicTacToeOSX */ = {isa = PBXFileReference; explicitFileType = "compiled.mach-o.executable"; includeInIndex = 0; path = CmdTicTacToeOSX; sourceTree = BUILT_PRODUCTS_DIR; };
		178C8DCF1A306274000C961D /* libstdc++.6.0.9.dylib */ = {isa = PBXFileReference; lastKnownFileType = "compiled.mach-o.dylib"; name = "libstdc++.6.0.9.dylib"; path = "usr/lib/libstdc++.6.0.9.dylib"; sourceTree = SDKROOT; };
/* End PBXFileReference section */

/* Begin PBXFrameworksBuildPhase section */
		178C8DAF1A306122000C961D /* Frameworks */ = {
			isa = PBXFrameworksBuildPhase;
			buildActionMask = 2147483647;
			files = (
				178C8DD01A306274000C961D /* libstdc++.6.0.9.dylib in Frameworks */,
			);
			runOnlyForDeploymentPostprocessing = 0;
		};
/* End PBXFrameworksBuildPhase section */

/* Begin PBXGroup section */
		178C8DA91A306122000C961D = {
			isa = PBXGroup;
			children = (
				178C8DCF1A306274000C961D /* libstdc++.6.0.9.dylib */,
				178C8DB41A306122000C961D /* CmdTicTacToeOSX */,
				178C8DB31A306122000C961D /* Products */,
			);
			sourceTree = "<group>";
		};
		178C8DB31A306122000C961D /* Products */ = {
			isa = PBXGroup;
			children = (
				178C8DB21A306122000C961D /* CmdTicTacToeOSX */,
			);
			name = Products;
			sourceTree = "<group>";
		};
		178C8DB41A306122000C961D /* CmdTicTacToeOSX */ = {
			isa = PBXGroup;
			children = (
				1724DB231A3063340065EC4A /* ClanUtils.h */,
				1724DB241A3063340065EC4A /* Game.cpp */,
				1724DB251A3063340065EC4A /* Game.h */,
				1724DB261A3063340065EC4A /* Input.cpp */,
				1724DB271A3063340065EC4A /* Input.h */,
				1724DB281A3063340065EC4A /* Lobby.cpp */,
				1724DB291A3063340065EC4A /* Lobby.h */,
				1724DB2A1A3063340065EC4A /* main.cpp */,
				1724DB2B1A3063340065EC4A /* Tokenizer.hpp */,
			);
			path = CmdTicTacToeOSX;
			sourceTree = "<group>";
		};
/* End PBXGroup section */

/* Begin PBXNativeTarget section */
		178C8DB11A306122000C961D /* CmdTicTacToeOSX */ = {
			isa = PBXNativeTarget;
			buildConfigurationList = 178C8DB91A306122000C961D /* Build configuration list for PBXNativeTarget "CmdTicTacToeOSX" */;
			buildPhases = (
				178C8DAE1A306122000C961D /* Sources */,
				178C8DAF1A306122000C961D /* Frameworks */,
				178C8DB01A306122000C961D /* CopyFiles */,
			);
			buildRules = (
			);
			dependencies = (
			);
			name = CmdTicTacToeOSX;
			productName = CmdTicTacToeOSX;
			productReference = 178C8DB21A306122000C961D /* CmdTicTacToeOSX */;
			productType = "com.apple.product-type.tool";
		};
/* End PBXNativeTarget section */

/* Begin PBXProject section */
		178C8DAA1A306122000C961D /* Project object */ = {
			isa = PBXProject;
			attributes = {
				LastUpgradeCheck = 0610;
				ORGANIZATIONNAME = CotC;
				TargetAttributes = {
					178C8DB11A306122000C961D = {
						CreatedOnToolsVersion = 6.1.1;
					};
				};
			};
			buildConfigurationList = 178C8DAD1A306122000C961D /* Build configuration list for PBXProject "CmdTicTacToeOSX" */;
			compatibilityVersion = "Xcode 3.2";
			developmentRegion = English;
			hasScannedForEncodings = 0;
			knownRegions = (
				en,
			);
			mainGroup = 178C8DA91A306122000C961D;
			productRefGroup = 178C8DB31A306122000C961D /* Products */;
			projectDirPath = "";
			projectRoot = "";
			targets = (
				178C8DB11A306122000C961D /* CmdTicTacToeOSX */,
			);
		};
/* End PBXProject section */

/* Begin PBXSourcesBuildPhase section */
		178C8DAE1A306122000C961D /* Sources */ = {
			isa = PBXSourcesBuildPhase;
			buildActionMask = 2147483647;
			files = (
				1724DB2D1A3063340065EC4A /* Input.cpp in Sources */,
				1724DB2C1A3063340065EC4A /* Game.cpp in Sources */,
				1724DB2F1A3063340065EC4A /* main.cpp in Sources */,
				1724DB2E1A3063340065EC4A /* Lobby.cpp in Sources */,
			);
			runOnlyForDeploymentPostprocessing = 0;
		};
/* End PBXSourcesBuildPhase section */

/* Begin XCBuildConfiguration section */
		178C8DB71A306122000C961D /* Debug */ = {
			isa = XCBuildConfiguration;
			buildSettings = {
				ALWAYS_SEARCH_USER_PATHS = NO;
				CLANG_CXX_LANGUAGE_STANDARD = "gnu++0x";
				CLANG_CXX_LIBRARY = "libc++";
				CLANG_ENABLE_MODULES = YES;
				CLANG_ENABLE_OBJC_ARC = YES;
				CLANG_WARN_BOOL_CONVERSION = YES;
				CLANG_WARN_CONSTANT_CONVERSION = YES;
				CLANG_WARN_DIRECT_OBJC_ISA_USAGE = YES_ERROR;
				CLANG_WARN_EMPTY_BODY = YES;
				CLANG_WARN_ENUM_CONVERSION = YES;
				CLANG_WARN_INT_CONVERSION = YES;
				CLANG_WARN_OBJC_ROOT_CLASS = YES_ERROR;
				CLANG_WARN_UNREACHABLE_CODE = YES;
				CLANG_WARN__DUPLICATE_METHOD_MATCH = YES;
				COPY_PHASE_STRIP = NO;
				ENABLE_STRICT_OBJC_MSGSEND = YES;
				GCC_C_LANGUAGE_STANDARD = gnu99;
				GCC_DYNAMIC_NO_PIC = NO;
				GCC_OPTIMIZATION_LEVEL = 0;
				GCC_PREPROCESSOR_DEFINITIONS = (
					"DEBUG=1",
					"$(inherited)",
				);
				GCC_SYMBOLS_PRIVATE_EXTERN = NO;
				GCC_WARN_64_TO_32_BIT_CONVERSION = YES;
				GCC_WARN_ABOUT_RETURN_TYPE = YES_ERROR;
				GCC_WARN_UNDECLARED_SELECTOR = YES;
				GCC_WARN_UNINITIALIZED_AUTOS = YES_AGGRESSIVE;
				GCC_WARN_UNUSED_FUNCTION = YES;
				GCC_WARN_UNUSED_VARIABLE = YES;
				LIBRARY_SEARCH_PATHS = "\"$(SRCROOT)/../../delivery/CloudBuilder/MacOSX/$(CONFIGURATION)\"";
				MACOSX_DEPLOYMENT_TARGET = 10.10;
				MTL_ENABLE_DEBUG_INFO = YES;
				ONLY_ACTIVE_ARCH = YES;
				OTHER_LDFLAGS = "-lCloudBuilder64Console";
				SDKROOT = macosx;
			};
			name = Debug;
		};
		178C8DB81A306122000C961D /* Release */ = {
			isa = XCBuildConfiguration;
			buildSettings = {
				ALWAYS_SEARCH_USER_PATHS = NO;
				CLANG_CXX_LANGUAGE_STANDARD = "gnu++0x";
				CLANG_CXX_LIBRARY = "libc++";
				CLANG_ENABLE_MODULES = YES;
				CLANG_ENABLE_OBJC_ARC = YES;
				CLANG_WARN_BOOL_CONVERSION = YES;
				CLANG_WARN_CONSTANT_CONVERSION = YES;
				CLANG_WARN_DIRECT_OBJC_ISA_USAGE = YES_ERROR;
				CLANG_WARN_EMPTY_BODY = YES;
				CLANG_WARN_ENUM_CONVERSION = YES;
				CLANG_WARN_INT_CONVERSION = YES;
				CLANG_WARN_OBJC_ROOT_CLASS = YES_ERROR;
				CLANG_WARN_UNREACHABLE_CODE = YES;
				CLANG_WARN__DUPLICATE_METHOD_MATCH = YES;
				COPY_PHASE_STRIP = YES;
				DEBUG_INFORMATION_FORMAT = "dwarf-with-dsym";
				ENABLE_NS_ASSERTIONS = NO;
				ENABLE_STRICT_OBJC_MSGSEND = YES;
				GCC_C_LANGUAGE_STANDARD = gnu99;
				GCC_WARN_64_TO_32_BIT_CONVERSION = YES;
				GCC_WARN_ABOUT_RETURN_TYPE = YES_ERROR;
				GCC_WARN_UNDECLARED_SELECTOR = YES;
				GCC_WARN_UNINITIALIZED_AUTOS = YES_AGGRESSIVE;
				GCC_WARN_UNUSED_FUNCTION = YES;
				GCC_WARN_UNUSED_VARIABLE = YES;
				LIBRARY_SEARCH_PATHS = "\"$(SRCROOT)/../../delivery/CloudBuilder/MacOSX/$(CONFIGURATION)\"";
				MACOSX_DEPLOYMENT_TARGET = 10.10;
				MTL_ENABLE_DEBUG_INFO = NO;
				OTHER_LDFLAGS = "-lCloudBuilder64Console";
				SDKROOT = macosx;
			};
			name = Release;
		};
		178C8DBA1A306122000C961D /* Debug */ = {
			isa = XCBuildConfiguration;
			buildSettings = {
				CLANG_CXX_LANGUAGE_STANDARD = "c++0x";
				CLANG_CXX_LIBRARY = "libc++";
				HEADER_SEARCH_PATHS = (
					"$(inherited)",
					/Applications/Xcode.app/Contents/Developer/Toolchains/XcodeDefault.xctoolchain/usr/include,
					../../CloudBuilder/Headers,
				);
				LIBRARY_SEARCH_PATHS = (
					"$(inherited)",
					/Users/florian/Documents/CotC/sources/delivery/CloudBuilder/MacOSX/Debug,
				);
				PRODUCT_NAME = "$(TARGET_NAME)";
			};
			name = Debug;
		};
		178C8DBB1A306122000C961D /* Release */ = {
			isa = XCBuildConfiguration;
			buildSettings = {
				CLANG_CXX_LANGUAGE_STANDARD = "c++0x";
				CLANG_CXX_LIBRARY = "libc++";
				HEADER_SEARCH_PATHS = (
					"$(inherited)",
					/Applications/Xcode.app/Contents/Developer/Toolchains/XcodeDefault.xctoolchain/usr/include,
					../../CloudBuilder/Headers,
				);
				LIBRARY_SEARCH_PATHS = (
					"$(inherited)",
					/Users/florian/Documents/CotC/sources/delivery/CloudBuilder/MacOSX/Debug,
				);
				PRODUCT_NAME = "$(TARGET_NAME)";
			};
			name = Release;
		};
/* End XCBuildConfiguration section */

/* Begin XCConfigurationList section */
		178C8DAD1A306122000C961D /* Build configuration list for PBXProject "CmdTicTacToeOSX" */ = {
			isa = XCConfigurationList;
			buildConfigurations = (
				178C8DB71A306122000C961D /* Debug */,
				178C8DB81A306122000C961D /* Release */,
			);
			defaultConfigurationIsVisible = 0;
			defaultConfigurationName = Release;
		};
		178C8DB91A306122000C961D /* Build configuration list for PBXNativeTarget "CmdTicTacToeOSX" */ = {
			isa = XCConfigurationList;
			buildConfigurations = (
				178C8DBA1A306122000C961D /* Debug */,
				178C8DBB1A306122000C961D /* Release */,
			);
			defaultConfigurationIsVisible = 0;
			defaultConfigurationName = Release;
		};
/* End XCConfigurationList section */
	};
	rootObject = 178C8DAA1A306122000C961D /* Project object */;
}
