// !$*UTF8*$!
{
	archiveVersion = 1;
	classes = {
	};
	objectVersion = 46;
	objects = {

/* Begin PBXBuildFile section */
		1798C88F19CEE3D70062644A /* curl_gethostname.c in Sources */ = {isa = PBXBuildFile; fileRef = 1798C88B19CEE3D70062644A /* curl_gethostname.c */; };
		1798C89019CEE3D70062644A /* curl_ntlm_core.c in Sources */ = {isa = PBXBuildFile; fileRef = 1798C88C19CEE3D70062644A /* curl_ntlm_core.c */; };
		1798C89119CEE3D70062644A /* curl_ntlm_msgs.c in Sources */ = {isa = PBXBuildFile; fileRef = 1798C88D19CEE3D70062644A /* curl_ntlm_msgs.c */; };
		1798C89219CEE3D70062644A /* curl_ntlm.c in Sources */ = {isa = PBXBuildFile; fileRef = 1798C88E19CEE3D70062644A /* curl_ntlm.c */; };
		3710A21114E50F300064946F /* Foundation.framework in Frameworks */ = {isa = PBXBuildFile; fileRef = 3710A21014E50F300064946F /* Foundation.framework */; };
		3710A25714E5117C0064946F /* base64.c in Sources */ = {isa = PBXBuildFile; fileRef = 3710A22514E5117C0064946F /* base64.c */; };
		3710A25814E5117C0064946F /* connect.c in Sources */ = {isa = PBXBuildFile; fileRef = 3710A22614E5117C0064946F /* connect.c */; };
		3710A25914E5117C0064946F /* cookie.c in Sources */ = {isa = PBXBuildFile; fileRef = 3710A22714E5117C0064946F /* cookie.c */; };
		3710A25A14E5117D0064946F /* curl_addrinfo.c in Sources */ = {isa = PBXBuildFile; fileRef = 3710A22814E5117C0064946F /* curl_addrinfo.c */; };
		3710A25B14E5117D0064946F /* curl_memrchr.c in Sources */ = {isa = PBXBuildFile; fileRef = 3710A22914E5117C0064946F /* curl_memrchr.c */; };
		3710A25C14E5117D0064946F /* curl_rand.c in Sources */ = {isa = PBXBuildFile; fileRef = 3710A22A14E5117C0064946F /* curl_rand.c */; };
		3710A25E14E5117D0064946F /* easy.c in Sources */ = {isa = PBXBuildFile; fileRef = 3710A22C14E5117C0064946F /* easy.c */; };
		3710A25F14E5117D0064946F /* escape.c in Sources */ = {isa = PBXBuildFile; fileRef = 3710A22D14E5117C0064946F /* escape.c */; };
		3710A26014E5117D0064946F /* fileinfo.c in Sources */ = {isa = PBXBuildFile; fileRef = 3710A22E14E5117C0064946F /* fileinfo.c */; };
		3710A26114E5117D0064946F /* formdata.c in Sources */ = {isa = PBXBuildFile; fileRef = 3710A22F14E5117C0064946F /* formdata.c */; };
		3710A26214E5117D0064946F /* getenv.c in Sources */ = {isa = PBXBuildFile; fileRef = 3710A23014E5117C0064946F /* getenv.c */; };
		3710A26314E5117D0064946F /* getinfo.c in Sources */ = {isa = PBXBuildFile; fileRef = 3710A23114E5117C0064946F /* getinfo.c */; };
		3710A26414E5117D0064946F /* hash.c in Sources */ = {isa = PBXBuildFile; fileRef = 3710A23214E5117C0064946F /* hash.c */; };
		3710A26514E5117D0064946F /* hostasyn.c in Sources */ = {isa = PBXBuildFile; fileRef = 3710A23314E5117C0064946F /* hostasyn.c */; };
		3710A26614E5117D0064946F /* hostip.c in Sources */ = {isa = PBXBuildFile; fileRef = 3710A23414E5117C0064946F /* hostip.c */; };
		3710A26714E5117D0064946F /* hostip4.c in Sources */ = {isa = PBXBuildFile; fileRef = 3710A23514E5117C0064946F /* hostip4.c */; };
		3710A26814E5117D0064946F /* http_chunks.c in Sources */ = {isa = PBXBuildFile; fileRef = 3710A23614E5117C0064946F /* http_chunks.c */; };
		3710A26914E5117D0064946F /* http_digest.c in Sources */ = {isa = PBXBuildFile; fileRef = 3710A23714E5117C0064946F /* http_digest.c */; };
		3710A26A14E5117D0064946F /* http_proxy.c in Sources */ = {isa = PBXBuildFile; fileRef = 3710A23814E5117C0064946F /* http_proxy.c */; };
		3710A26B14E5117D0064946F /* http.c in Sources */ = {isa = PBXBuildFile; fileRef = 3710A23914E5117C0064946F /* http.c */; };
		3710A26C14E5117D0064946F /* if2ip.c in Sources */ = {isa = PBXBuildFile; fileRef = 3710A23A14E5117C0064946F /* if2ip.c */; };
		3710A26D14E5117D0064946F /* inet_ntop.c in Sources */ = {isa = PBXBuildFile; fileRef = 3710A23B14E5117C0064946F /* inet_ntop.c */; };
		3710A26E14E5117D0064946F /* inet_pton.c in Sources */ = {isa = PBXBuildFile; fileRef = 3710A23C14E5117C0064946F /* inet_pton.c */; };
		3710A26F14E5117D0064946F /* llist.c in Sources */ = {isa = PBXBuildFile; fileRef = 3710A23D14E5117C0064946F /* llist.c */; };
		3710A27014E5117D0064946F /* md5.c in Sources */ = {isa = PBXBuildFile; fileRef = 3710A23E14E5117C0064946F /* md5.c */; };
		3710A27114E5117D0064946F /* mprintf.c in Sources */ = {isa = PBXBuildFile; fileRef = 3710A23F14E5117C0064946F /* mprintf.c */; };
		3710A27214E5117D0064946F /* multi.c in Sources */ = {isa = PBXBuildFile; fileRef = 3710A24014E5117C0064946F /* multi.c */; };
		3710A27314E5117D0064946F /* netrc.c in Sources */ = {isa = PBXBuildFile; fileRef = 3710A24114E5117C0064946F /* netrc.c */; };
		3710A27414E5117D0064946F /* nonblock.c in Sources */ = {isa = PBXBuildFile; fileRef = 3710A24214E5117C0064946F /* nonblock.c */; };
		3710A27514E5117D0064946F /* parsedate.c in Sources */ = {isa = PBXBuildFile; fileRef = 3710A24314E5117C0064946F /* parsedate.c */; };
		3710A27614E5117D0064946F /* progress.c in Sources */ = {isa = PBXBuildFile; fileRef = 3710A24414E5117C0064946F /* progress.c */; };
		3710A27714E5117D0064946F /* rawstr.c in Sources */ = {isa = PBXBuildFile; fileRef = 3710A24514E5117C0064946F /* rawstr.c */; };
		3710A27814E5117D0064946F /* select.c in Sources */ = {isa = PBXBuildFile; fileRef = 3710A24614E5117C0064946F /* select.c */; };
		3710A27914E5117D0064946F /* sendf.c in Sources */ = {isa = PBXBuildFile; fileRef = 3710A24714E5117C0064946F /* sendf.c */; };
		3710A27A14E5117D0064946F /* share.c in Sources */ = {isa = PBXBuildFile; fileRef = 3710A24814E5117C0064946F /* share.c */; };
		3710A27B14E5117D0064946F /* slist.c in Sources */ = {isa = PBXBuildFile; fileRef = 3710A24914E5117C0064946F /* slist.c */; };
		3710A27C14E5117D0064946F /* socks.c in Sources */ = {isa = PBXBuildFile; fileRef = 3710A24A14E5117C0064946F /* socks.c */; };
		3710A27D14E5117D0064946F /* speedcheck.c in Sources */ = {isa = PBXBuildFile; fileRef = 3710A24B14E5117C0064946F /* speedcheck.c */; };
		3710A27E14E5117D0064946F /* splay.c in Sources */ = {isa = PBXBuildFile; fileRef = 3710A24C14E5117C0064946F /* splay.c */; };
		3710A27F14E5117D0064946F /* sslgen.c in Sources */ = {isa = PBXBuildFile; fileRef = 3710A24D14E5117C0064946F /* sslgen.c */; };
		3710A28014E5117D0064946F /* ssluse.c in Sources */ = {isa = PBXBuildFile; fileRef = 3710A24E14E5117C0064946F /* ssluse.c */; };
		3710A28114E5117D0064946F /* strequal.c in Sources */ = {isa = PBXBuildFile; fileRef = 3710A24F14E5117C0064946F /* strequal.c */; };
		3710A28214E5117D0064946F /* strerror.c in Sources */ = {isa = PBXBuildFile; fileRef = 3710A25014E5117C0064946F /* strerror.c */; };
		3710A28314E5117D0064946F /* strtok.c in Sources */ = {isa = PBXBuildFile; fileRef = 3710A25114E5117C0064946F /* strtok.c */; };
		3710A28414E5117D0064946F /* timeval.c in Sources */ = {isa = PBXBuildFile; fileRef = 3710A25214E5117C0064946F /* timeval.c */; };
		3710A28514E5117D0064946F /* transfer.c in Sources */ = {isa = PBXBuildFile; fileRef = 3710A25314E5117C0064946F /* transfer.c */; };
		3710A28614E5117D0064946F /* url.c in Sources */ = {isa = PBXBuildFile; fileRef = 3710A25414E5117C0064946F /* url.c */; };
		3710A28714E5117D0064946F /* warnless.c in Sources */ = {isa = PBXBuildFile; fileRef = 3710A25514E5117C0064946F /* warnless.c */; };
		3710A28814E5117D0064946F /* wildcard.c in Sources */ = {isa = PBXBuildFile; fileRef = 3710A25614E5117C0064946F /* wildcard.c */; };
		C2787F371D76CE3C009680EA /* hostip6.c in Sources */ = {isa = PBXBuildFile; fileRef = C2787F361D76CE3C009680EA /* hostip6.c */; };
/* End PBXBuildFile section */

/* Begin PBXFileReference section */
		1798C88B19CEE3D70062644A /* curl_gethostname.c */ = {isa = PBXFileReference; fileEncoding = 4; lastKnownFileType = sourcecode.c.c; name = curl_gethostname.c; path = ../../lib/curl_gethostname.c; sourceTree = "<group>"; };
		1798C88C19CEE3D70062644A /* curl_ntlm_core.c */ = {isa = PBXFileReference; fileEncoding = 4; lastKnownFileType = sourcecode.c.c; name = curl_ntlm_core.c; path = ../../lib/curl_ntlm_core.c; sourceTree = "<group>"; };
		1798C88D19CEE3D70062644A /* curl_ntlm_msgs.c */ = {isa = PBXFileReference; fileEncoding = 4; lastKnownFileType = sourcecode.c.c; name = curl_ntlm_msgs.c; path = ../../lib/curl_ntlm_msgs.c; sourceTree = "<group>"; };
		1798C88E19CEE3D70062644A /* curl_ntlm.c */ = {isa = PBXFileReference; fileEncoding = 4; lastKnownFileType = sourcecode.c.c; name = curl_ntlm.c; path = ../../lib/curl_ntlm.c; sourceTree = "<group>"; };
		3710A20D14E50F300064946F /* libiOSCurl.a */ = {isa = PBXFileReference; explicitFileType = archive.ar; includeInIndex = 0; path = libiOSCurl.a; sourceTree = BUILT_PRODUCTS_DIR; };
		3710A21014E50F300064946F /* Foundation.framework */ = {isa = PBXFileReference; lastKnownFileType = wrapper.framework; name = Foundation.framework; path = System/Library/Frameworks/Foundation.framework; sourceTree = SDKROOT; };
		3710A22514E5117C0064946F /* base64.c */ = {isa = PBXFileReference; fileEncoding = 4; lastKnownFileType = sourcecode.c.c; name = base64.c; path = ../../lib/base64.c; sourceTree = "<group>"; };
		3710A22614E5117C0064946F /* connect.c */ = {isa = PBXFileReference; fileEncoding = 4; lastKnownFileType = sourcecode.c.c; name = connect.c; path = ../../lib/connect.c; sourceTree = "<group>"; };
		3710A22714E5117C0064946F /* cookie.c */ = {isa = PBXFileReference; fileEncoding = 4; lastKnownFileType = sourcecode.c.c; name = cookie.c; path = ../../lib/cookie.c; sourceTree = "<group>"; };
		3710A22814E5117C0064946F /* curl_addrinfo.c */ = {isa = PBXFileReference; fileEncoding = 4; lastKnownFileType = sourcecode.c.c; name = curl_addrinfo.c; path = ../../lib/curl_addrinfo.c; sourceTree = "<group>"; };
		3710A22914E5117C0064946F /* curl_memrchr.c */ = {isa = PBXFileReference; fileEncoding = 4; lastKnownFileType = sourcecode.c.c; name = curl_memrchr.c; path = ../../lib/curl_memrchr.c; sourceTree = "<group>"; };
		3710A22A14E5117C0064946F /* curl_rand.c */ = {isa = PBXFileReference; fileEncoding = 4; lastKnownFileType = sourcecode.c.c; name = curl_rand.c; path = ../../lib/curl_rand.c; sourceTree = "<group>"; };
		3710A22C14E5117C0064946F /* easy.c */ = {isa = PBXFileReference; fileEncoding = 4; lastKnownFileType = sourcecode.c.c; name = easy.c; path = ../../lib/easy.c; sourceTree = "<group>"; };
		3710A22D14E5117C0064946F /* escape.c */ = {isa = PBXFileReference; fileEncoding = 4; lastKnownFileType = sourcecode.c.c; name = escape.c; path = ../../lib/escape.c; sourceTree = "<group>"; };
		3710A22E14E5117C0064946F /* fileinfo.c */ = {isa = PBXFileReference; fileEncoding = 4; lastKnownFileType = sourcecode.c.c; name = fileinfo.c; path = ../../lib/fileinfo.c; sourceTree = "<group>"; };
		3710A22F14E5117C0064946F /* formdata.c */ = {isa = PBXFileReference; fileEncoding = 4; lastKnownFileType = sourcecode.c.c; name = formdata.c; path = ../../lib/formdata.c; sourceTree = "<group>"; };
		3710A23014E5117C0064946F /* getenv.c */ = {isa = PBXFileReference; fileEncoding = 4; lastKnownFileType = sourcecode.c.c; name = getenv.c; path = ../../lib/getenv.c; sourceTree = "<group>"; };
		3710A23114E5117C0064946F /* getinfo.c */ = {isa = PBXFileReference; fileEncoding = 4; lastKnownFileType = sourcecode.c.c; name = getinfo.c; path = ../../lib/getinfo.c; sourceTree = "<group>"; };
		3710A23214E5117C0064946F /* hash.c */ = {isa = PBXFileReference; fileEncoding = 4; lastKnownFileType = sourcecode.c.c; name = hash.c; path = ../../lib/hash.c; sourceTree = "<group>"; };
		3710A23314E5117C0064946F /* hostasyn.c */ = {isa = PBXFileReference; fileEncoding = 4; lastKnownFileType = sourcecode.c.c; name = hostasyn.c; path = ../../lib/hostasyn.c; sourceTree = "<group>"; };
		3710A23414E5117C0064946F /* hostip.c */ = {isa = PBXFileReference; fileEncoding = 4; lastKnownFileType = sourcecode.c.c; name = hostip.c; path = ../../lib/hostip.c; sourceTree = "<group>"; };
		3710A23514E5117C0064946F /* hostip4.c */ = {isa = PBXFileReference; fileEncoding = 4; lastKnownFileType = sourcecode.c.c; name = hostip4.c; path = ../../lib/hostip4.c; sourceTree = "<group>"; };
		3710A23614E5117C0064946F /* http_chunks.c */ = {isa = PBXFileReference; fileEncoding = 4; lastKnownFileType = sourcecode.c.c; name = http_chunks.c; path = ../../lib/http_chunks.c; sourceTree = "<group>"; };
		3710A23714E5117C0064946F /* http_digest.c */ = {isa = PBXFileReference; fileEncoding = 4; lastKnownFileType = sourcecode.c.c; name = http_digest.c; path = ../../lib/http_digest.c; sourceTree = "<group>"; };
		3710A23814E5117C0064946F /* http_proxy.c */ = {isa = PBXFileReference; fileEncoding = 4; lastKnownFileType = sourcecode.c.c; name = http_proxy.c; path = ../../lib/http_proxy.c; sourceTree = "<group>"; };
		3710A23914E5117C0064946F /* http.c */ = {isa = PBXFileReference; fileEncoding = 4; lastKnownFileType = sourcecode.c.c; name = http.c; path = ../../lib/http.c; sourceTree = "<group>"; };
		3710A23A14E5117C0064946F /* if2ip.c */ = {isa = PBXFileReference; fileEncoding = 4; lastKnownFileType = sourcecode.c.c; name = if2ip.c; path = ../../lib/if2ip.c; sourceTree = "<group>"; };
		3710A23B14E5117C0064946F /* inet_ntop.c */ = {isa = PBXFileReference; fileEncoding = 4; lastKnownFileType = sourcecode.c.c; name = inet_ntop.c; path = ../../lib/inet_ntop.c; sourceTree = "<group>"; };
		3710A23C14E5117C0064946F /* inet_pton.c */ = {isa = PBXFileReference; fileEncoding = 4; lastKnownFileType = sourcecode.c.c; name = inet_pton.c; path = ../../lib/inet_pton.c; sourceTree = "<group>"; };
		3710A23D14E5117C0064946F /* llist.c */ = {isa = PBXFileReference; fileEncoding = 4; lastKnownFileType = sourcecode.c.c; name = llist.c; path = ../../lib/llist.c; sourceTree = "<group>"; };
		3710A23E14E5117C0064946F /* md5.c */ = {isa = PBXFileReference; fileEncoding = 4; lastKnownFileType = sourcecode.c.c; name = md5.c; path = ../../lib/md5.c; sourceTree = "<group>"; };
		3710A23F14E5117C0064946F /* mprintf.c */ = {isa = PBXFileReference; fileEncoding = 4; lastKnownFileType = sourcecode.c.c; name = mprintf.c; path = ../../lib/mprintf.c; sourceTree = "<group>"; };
		3710A24014E5117C0064946F /* multi.c */ = {isa = PBXFileReference; fileEncoding = 4; lastKnownFileType = sourcecode.c.c; name = multi.c; path = ../../lib/multi.c; sourceTree = "<group>"; };
		3710A24114E5117C0064946F /* netrc.c */ = {isa = PBXFileReference; fileEncoding = 4; lastKnownFileType = sourcecode.c.c; name = netrc.c; path = ../../lib/netrc.c; sourceTree = "<group>"; };
		3710A24214E5117C0064946F /* nonblock.c */ = {isa = PBXFileReference; fileEncoding = 4; lastKnownFileType = sourcecode.c.c; name = nonblock.c; path = ../../lib/nonblock.c; sourceTree = "<group>"; };
		3710A24314E5117C0064946F /* parsedate.c */ = {isa = PBXFileReference; fileEncoding = 4; lastKnownFileType = sourcecode.c.c; name = parsedate.c; path = ../../lib/parsedate.c; sourceTree = "<group>"; };
		3710A24414E5117C0064946F /* progress.c */ = {isa = PBXFileReference; fileEncoding = 4; lastKnownFileType = sourcecode.c.c; name = progress.c; path = ../../lib/progress.c; sourceTree = "<group>"; };
		3710A24514E5117C0064946F /* rawstr.c */ = {isa = PBXFileReference; fileEncoding = 4; lastKnownFileType = sourcecode.c.c; name = rawstr.c; path = ../../lib/rawstr.c; sourceTree = "<group>"; };
		3710A24614E5117C0064946F /* select.c */ = {isa = PBXFileReference; fileEncoding = 4; lastKnownFileType = sourcecode.c.c; name = select.c; path = ../../lib/select.c; sourceTree = "<group>"; };
		3710A24714E5117C0064946F /* sendf.c */ = {isa = PBXFileReference; fileEncoding = 4; lastKnownFileType = sourcecode.c.c; name = sendf.c; path = ../../lib/sendf.c; sourceTree = "<group>"; };
		3710A24814E5117C0064946F /* share.c */ = {isa = PBXFileReference; fileEncoding = 4; lastKnownFileType = sourcecode.c.c; name = share.c; path = ../../lib/share.c; sourceTree = "<group>"; };
		3710A24914E5117C0064946F /* slist.c */ = {isa = PBXFileReference; fileEncoding = 4; lastKnownFileType = sourcecode.c.c; name = slist.c; path = ../../lib/slist.c; sourceTree = "<group>"; };
		3710A24A14E5117C0064946F /* socks.c */ = {isa = PBXFileReference; fileEncoding = 4; lastKnownFileType = sourcecode.c.c; name = socks.c; path = ../../lib/socks.c; sourceTree = "<group>"; };
		3710A24B14E5117C0064946F /* speedcheck.c */ = {isa = PBXFileReference; fileEncoding = 4; lastKnownFileType = sourcecode.c.c; name = speedcheck.c; path = ../../lib/speedcheck.c; sourceTree = "<group>"; };
		3710A24C14E5117C0064946F /* splay.c */ = {isa = PBXFileReference; fileEncoding = 4; lastKnownFileType = sourcecode.c.c; name = splay.c; path = ../../lib/splay.c; sourceTree = "<group>"; };
		3710A24D14E5117C0064946F /* sslgen.c */ = {isa = PBXFileReference; fileEncoding = 4; lastKnownFileType = sourcecode.c.c; name = sslgen.c; path = ../../lib/sslgen.c; sourceTree = "<group>"; };
		3710A24E14E5117C0064946F /* ssluse.c */ = {isa = PBXFileReference; fileEncoding = 4; lastKnownFileType = sourcecode.c.c; name = ssluse.c; path = ../../lib/ssluse.c; sourceTree = "<group>"; };
		3710A24F14E5117C0064946F /* strequal.c */ = {isa = PBXFileReference; fileEncoding = 4; lastKnownFileType = sourcecode.c.c; name = strequal.c; path = ../../lib/strequal.c; sourceTree = "<group>"; };
		3710A25014E5117C0064946F /* strerror.c */ = {isa = PBXFileReference; fileEncoding = 4; lastKnownFileType = sourcecode.c.c; name = strerror.c; path = ../../lib/strerror.c; sourceTree = "<group>"; };
		3710A25114E5117C0064946F /* strtok.c */ = {isa = PBXFileReference; fileEncoding = 4; lastKnownFileType = sourcecode.c.c; name = strtok.c; path = ../../lib/strtok.c; sourceTree = "<group>"; };
		3710A25214E5117C0064946F /* timeval.c */ = {isa = PBXFileReference; fileEncoding = 4; lastKnownFileType = sourcecode.c.c; name = timeval.c; path = ../../lib/timeval.c; sourceTree = "<group>"; };
		3710A25314E5117C0064946F /* transfer.c */ = {isa = PBXFileReference; fileEncoding = 4; lastKnownFileType = sourcecode.c.c; name = transfer.c; path = ../../lib/transfer.c; sourceTree = "<group>"; };
		3710A25414E5117C0064946F /* url.c */ = {isa = PBXFileReference; fileEncoding = 4; lastKnownFileType = sourcecode.c.c; name = url.c; path = ../../lib/url.c; sourceTree = "<group>"; };
		3710A25514E5117C0064946F /* warnless.c */ = {isa = PBXFileReference; fileEncoding = 4; lastKnownFileType = sourcecode.c.c; name = warnless.c; path = ../../lib/warnless.c; sourceTree = "<group>"; };
		3710A25614E5117C0064946F /* wildcard.c */ = {isa = PBXFileReference; fileEncoding = 4; lastKnownFileType = sourcecode.c.c; name = wildcard.c; path = ../../lib/wildcard.c; sourceTree = "<group>"; };
		C2787F361D76CE3C009680EA /* hostip6.c */ = {isa = PBXFileReference; fileEncoding = 4; lastKnownFileType = sourcecode.c.c; name = hostip6.c; path = ../../lib/hostip6.c; sourceTree = "<group>"; };
/* End PBXFileReference section */

/* Begin PBXFrameworksBuildPhase section */
		3710A20A14E50F300064946F /* Frameworks */ = {
			isa = PBXFrameworksBuildPhase;
			buildActionMask = 2147483647;
			files = (
				3710A21114E50F300064946F /* Foundation.framework in Frameworks */,
			);
			runOnlyForDeploymentPostprocessing = 0;
		};
/* End PBXFrameworksBuildPhase section */

/* Begin PBXGroup section */
		3710A20214E50F300064946F = {
			isa = PBXGroup;
			children = (
				3710A22414E510360064946F /* curl */,
				3710A20F14E50F300064946F /* Frameworks */,
				3710A20E14E50F300064946F /* Products */,
			);
			sourceTree = "<group>";
		};
		3710A20E14E50F300064946F /* Products */ = {
			isa = PBXGroup;
			children = (
				3710A20D14E50F300064946F /* libiOSCurl.a */,
			);
			name = Products;
			sourceTree = "<group>";
		};
		3710A20F14E50F300064946F /* Frameworks */ = {
			isa = PBXGroup;
			children = (
				3710A21014E50F300064946F /* Foundation.framework */,
			);
			name = Frameworks;
			sourceTree = "<group>";
		};
		3710A22414E510360064946F /* curl */ = {
			isa = PBXGroup;
			children = (
				1798C88B19CEE3D70062644A /* curl_gethostname.c */,
				1798C88C19CEE3D70062644A /* curl_ntlm_core.c */,
				1798C88D19CEE3D70062644A /* curl_ntlm_msgs.c */,
				1798C88E19CEE3D70062644A /* curl_ntlm.c */,
				3710A22514E5117C0064946F /* base64.c */,
				3710A22614E5117C0064946F /* connect.c */,
				3710A22714E5117C0064946F /* cookie.c */,
				3710A22814E5117C0064946F /* curl_addrinfo.c */,
				3710A22914E5117C0064946F /* curl_memrchr.c */,
				3710A22A14E5117C0064946F /* curl_rand.c */,
				3710A22C14E5117C0064946F /* easy.c */,
				3710A22D14E5117C0064946F /* escape.c */,
				3710A22E14E5117C0064946F /* fileinfo.c */,
				3710A22F14E5117C0064946F /* formdata.c */,
				3710A23014E5117C0064946F /* getenv.c */,
				3710A23114E5117C0064946F /* getinfo.c */,
				3710A23214E5117C0064946F /* hash.c */,
				3710A23314E5117C0064946F /* hostasyn.c */,
				3710A23414E5117C0064946F /* hostip.c */,
				3710A23514E5117C0064946F /* hostip4.c */,
				C2787F361D76CE3C009680EA /* hostip6.c */,
				3710A23614E5117C0064946F /* http_chunks.c */,
				3710A23714E5117C0064946F /* http_digest.c */,
				3710A23814E5117C0064946F /* http_proxy.c */,
				3710A23914E5117C0064946F /* http.c */,
				3710A23A14E5117C0064946F /* if2ip.c */,
				3710A23B14E5117C0064946F /* inet_ntop.c */,
				3710A23C14E5117C0064946F /* inet_pton.c */,
				3710A23D14E5117C0064946F /* llist.c */,
				3710A23E14E5117C0064946F /* md5.c */,
				3710A23F14E5117C0064946F /* mprintf.c */,
				3710A24014E5117C0064946F /* multi.c */,
				3710A24114E5117C0064946F /* netrc.c */,
				3710A24214E5117C0064946F /* nonblock.c */,
				3710A24314E5117C0064946F /* parsedate.c */,
				3710A24414E5117C0064946F /* progress.c */,
				3710A24514E5117C0064946F /* rawstr.c */,
				3710A24614E5117C0064946F /* select.c */,
				3710A24714E5117C0064946F /* sendf.c */,
				3710A24814E5117C0064946F /* share.c */,
				3710A24914E5117C0064946F /* slist.c */,
				3710A24A14E5117C0064946F /* socks.c */,
				3710A24B14E5117C0064946F /* speedcheck.c */,
				3710A24C14E5117C0064946F /* splay.c */,
				3710A24D14E5117C0064946F /* sslgen.c */,
				3710A24E14E5117C0064946F /* ssluse.c */,
				3710A24F14E5117C0064946F /* strequal.c */,
				3710A25014E5117C0064946F /* strerror.c */,
				3710A25114E5117C0064946F /* strtok.c */,
				3710A25214E5117C0064946F /* timeval.c */,
				3710A25314E5117C0064946F /* transfer.c */,
				3710A25414E5117C0064946F /* url.c */,
				3710A25514E5117C0064946F /* warnless.c */,
				3710A25614E5117C0064946F /* wildcard.c */,
			);
			name = curl;
			sourceTree = "<group>";
		};
/* End PBXGroup section */

/* Begin PBXHeadersBuildPhase section */
		3710A20B14E50F300064946F /* Headers */ = {
			isa = PBXHeadersBuildPhase;
			buildActionMask = 2147483647;
			files = (
			);
			runOnlyForDeploymentPostprocessing = 0;
		};
/* End PBXHeadersBuildPhase section */

/* Begin PBXNativeTarget section */
		3710A20C14E50F300064946F /* iOSCurl */ = {
			isa = PBXNativeTarget;
			buildConfigurationList = 3710A21A14E50F300064946F /* Build configuration list for PBXNativeTarget "iOSCurl" */;
			buildPhases = (
				3710A20914E50F300064946F /* Sources */,
				3710A20A14E50F300064946F /* Frameworks */,
				3710A20B14E50F300064946F /* Headers */,
				37679534155A513A002F76C7 /* ShellScript */,
			);
			buildRules = (
			);
			dependencies = (
			);
			name = iOSCurl;
			productName = iOSCurl;
			productReference = 3710A20D14E50F300064946F /* libiOSCurl.a */;
			productType = "com.apple.product-type.library.static";
		};
/* End PBXNativeTarget section */

/* Begin PBXProject section */
		3710A20414E50F300064946F /* Project object */ = {
			isa = PBXProject;
			attributes = {
				LastUpgradeCheck = 0510;
				ORGANIZATIONNAME = "Clan of the Cloud";
			};
			buildConfigurationList = 3710A20714E50F300064946F /* Build configuration list for PBXProject "iOSCurl" */;
			compatibilityVersion = "Xcode 3.2";
			developmentRegion = English;
			hasScannedForEncodings = 0;
			knownRegions = (
				en,
			);
			mainGroup = 3710A20214E50F300064946F;
			productRefGroup = 3710A20E14E50F300064946F /* Products */;
			projectDirPath = "";
			projectRoot = "";
			targets = (
				3710A20C14E50F300064946F /* iOSCurl */,
			);
		};
/* End PBXProject section */

/* Begin PBXShellScriptBuildPhase section */
		37679534155A513A002F76C7 /* ShellScript */ = {
			isa = PBXShellScriptBuildPhase;
			buildActionMask = 2147483647;
			files = (
			);
			inputPaths = (
			);
			outputPaths = (
			);
			runOnlyForDeploymentPostprocessing = 0;
			shellPath = /bin/sh;
			shellScript = "\nmkdir -p \"$PROJECT_DIR\"/../../../../cloudbuilder/delivery/curl/iOS/$CONFIGURATION\n\nlipo -create \"$BUILD_DIR\"/$CONFIGURATION-iphoneos/libiOSCurl.a  \"$BUILD_DIR\"/$CONFIGURATION-iphonesimulator/libiOSCurl.a -output \"$PROJECT_DIR\"/../../../../cloudbuilder/delivery/curl/iOS/$CONFIGURATION/libiOSCurl.a\n\n";
		};
/* End PBXShellScriptBuildPhase section */

/* Begin PBXSourcesBuildPhase section */
		3710A20914E50F300064946F /* Sources */ = {
			isa = PBXSourcesBuildPhase;
			buildActionMask = 2147483647;
			files = (
				3710A25714E5117C0064946F /* base64.c in Sources */,
				C2787F371D76CE3C009680EA /* hostip6.c in Sources */,
				3710A25814E5117C0064946F /* connect.c in Sources */,
				3710A25914E5117C0064946F /* cookie.c in Sources */,
				3710A25A14E5117D0064946F /* curl_addrinfo.c in Sources */,
				3710A25B14E5117D0064946F /* curl_memrchr.c in Sources */,
				3710A25C14E5117D0064946F /* curl_rand.c in Sources */,
				3710A25E14E5117D0064946F /* easy.c in Sources */,
				3710A25F14E5117D0064946F /* escape.c in Sources */,
				3710A26014E5117D0064946F /* fileinfo.c in Sources */,
				3710A26114E5117D0064946F /* formdata.c in Sources */,
				3710A26214E5117D0064946F /* getenv.c in Sources */,
				3710A26314E5117D0064946F /* getinfo.c in Sources */,
				3710A26414E5117D0064946F /* hash.c in Sources */,
				3710A26514E5117D0064946F /* hostasyn.c in Sources */,
				3710A26614E5117D0064946F /* hostip.c in Sources */,
				3710A26714E5117D0064946F /* hostip4.c in Sources */,
				3710A26814E5117D0064946F /* http_chunks.c in Sources */,
				3710A26914E5117D0064946F /* http_digest.c in Sources */,
				3710A26A14E5117D0064946F /* http_proxy.c in Sources */,
				3710A26B14E5117D0064946F /* http.c in Sources */,
				3710A26C14E5117D0064946F /* if2ip.c in Sources */,
				3710A26D14E5117D0064946F /* inet_ntop.c in Sources */,
				3710A26E14E5117D0064946F /* inet_pton.c in Sources */,
				3710A26F14E5117D0064946F /* llist.c in Sources */,
				3710A27014E5117D0064946F /* md5.c in Sources */,
				1798C88F19CEE3D70062644A /* curl_gethostname.c in Sources */,
				1798C89119CEE3D70062644A /* curl_ntlm_msgs.c in Sources */,
				3710A27114E5117D0064946F /* mprintf.c in Sources */,
				3710A27214E5117D0064946F /* multi.c in Sources */,
				3710A27314E5117D0064946F /* netrc.c in Sources */,
				3710A27414E5117D0064946F /* nonblock.c in Sources */,
				3710A27514E5117D0064946F /* parsedate.c in Sources */,
				3710A27614E5117D0064946F /* progress.c in Sources */,
				3710A27714E5117D0064946F /* rawstr.c in Sources */,
				3710A27814E5117D0064946F /* select.c in Sources */,
				1798C89019CEE3D70062644A /* curl_ntlm_core.c in Sources */,
				3710A27914E5117D0064946F /* sendf.c in Sources */,
				3710A27A14E5117D0064946F /* share.c in Sources */,
				3710A27B14E5117D0064946F /* slist.c in Sources */,
				1798C89219CEE3D70062644A /* curl_ntlm.c in Sources */,
				3710A27C14E5117D0064946F /* socks.c in Sources */,
				3710A27D14E5117D0064946F /* speedcheck.c in Sources */,
				3710A27E14E5117D0064946F /* splay.c in Sources */,
				3710A27F14E5117D0064946F /* sslgen.c in Sources */,
				3710A28014E5117D0064946F /* ssluse.c in Sources */,
				3710A28114E5117D0064946F /* strequal.c in Sources */,
				3710A28214E5117D0064946F /* strerror.c in Sources */,
				3710A28314E5117D0064946F /* strtok.c in Sources */,
				3710A28414E5117D0064946F /* timeval.c in Sources */,
				3710A28514E5117D0064946F /* transfer.c in Sources */,
				3710A28614E5117D0064946F /* url.c in Sources */,
				3710A28714E5117D0064946F /* warnless.c in Sources */,
				3710A28814E5117D0064946F /* wildcard.c in Sources */,
			);
			runOnlyForDeploymentPostprocessing = 0;
		};
/* End PBXSourcesBuildPhase section */

/* Begin XCBuildConfiguration section */
		C282E5EF1615ACA60027D1BA /* Debug */ = {
			isa = XCBuildConfiguration;
			buildSettings = {
				ALWAYS_SEARCH_USER_PATHS = NO;
				ARCHS = "$(ARCHS_STANDARD)";
				CLANG_ENABLE_OBJC_ARC = YES;
				COPY_PHASE_STRIP = NO;
				GCC_C_LANGUAGE_STANDARD = "compiler-default";
				GCC_DYNAMIC_NO_PIC = NO;
				GCC_OPTIMIZATION_LEVEL = 0;
				GCC_PREPROCESSOR_DEFINITIONS = (
					"DEBUG=1",
					"$(inherited)",
				);
				GCC_SYMBOLS_PRIVATE_EXTERN = NO;
				GCC_WARN_ABOUT_MISSING_PROTOTYPES = YES;
				GCC_WARN_ABOUT_RETURN_TYPE = YES;
				GCC_WARN_UNUSED_VARIABLE = YES;
				HEADER_SEARCH_PATHS = (
					"../../**",
					"../../../../cloudbuilder/delivery/openssl/iOS/include/**",
					"../../include/**",
				);
				IPHONEOS_DEPLOYMENT_TARGET = 5.1.1;
				ONLY_ACTIVE_ARCH = YES;
				OTHER_CFLAGS = (
					"-DHAVE_CONFIG_H",
					"-DBUILDING_LIBCURL",
					"-DCURL_STATICLIB",
					"-DHTTP_ONLY",
					"-DCURL_DISABLE_RTSP",
					"-DCURL_DISABLE_GOPHER",
					"-DCURL_DISABLE_POP3",
					"-DCURL_DISABLE_DICT",
					"-DCURL_DISABLE_FILE",
					"-DCURL_DISABLE_FTP",
					"-DCURL_DISABLE_IMAP",
					"-DCURL_DISABLE_LDAP",
					"-DCURL_DISABLE_SMTP",
					"-DCURL_DISABLE_TELNET",
					"-DCURL_DISABLE_TFTP",
					"-DUSE_OPENSSL",
					"-DUSE_SSLEAY",
				);
				SDKROOT = iphoneos;
			};
			name = Debug;
		};
		C282E5F01615ACA60027D1BA /* Debug */ = {
			isa = XCBuildConfiguration;
			buildSettings = {
				DSTROOT = /tmp/iOSCurl.dst;
				GCC_PRECOMPILE_PREFIX_HEADER = YES;
				GCC_PREFIX_HEADER = "iOSCurl/iOSCurl-Prefix.pch";
				IPHONEOS_DEPLOYMENT_TARGET = 5.1;
				ONLY_ACTIVE_ARCH = NO;
				OTHER_CFLAGS = (
					"-DHAVE_CONFIG_H",
					"-DBUILDING_LIBCURL",
					"-DCURL_STATICLIB",
					"-DHTTP_ONLY",
					"-DCURL_DISABLE_RTSP",
					"-DCURL_DISABLE_GOPHER",
					"-DCURL_DISABLE_POP3",
					"-DCURL_DISABLE_DICT",
					"-DCURL_DISABLE_FILE",
					"-DCURL_DISABLE_FTP",
					"-DCURL_DISABLE_IMAP",
					"-DCURL_DISABLE_LDAP",
					"-DCURL_DISABLE_SMTP",
					"-DCURL_DISABLE_TELNET",
					"-DCURL_DISABLE_TFTP",
					"-DUSE_OPENSSL",
					"-DUSE_SSLEAY",
					"-DENABLE_IPV6",
				);
				OTHER_LDFLAGS = "-ObjC";
				PRODUCT_NAME = "$(TARGET_NAME)";
				SKIP_INSTALL = YES;
			};
			name = Debug;
		};
		C282E5F11615ACB70027D1BA /* Release */ = {
			isa = XCBuildConfiguration;
			buildSettings = {
				ALWAYS_SEARCH_USER_PATHS = NO;
				ARCHS = "$(ARCHS_STANDARD)";
				CLANG_ENABLE_OBJC_ARC = YES;
				COPY_PHASE_STRIP = YES;
				GCC_C_LANGUAGE_STANDARD = "compiler-default";
				GCC_WARN_ABOUT_MISSING_PROTOTYPES = YES;
				GCC_WARN_ABOUT_RETURN_TYPE = YES;
				GCC_WARN_UNUSED_VARIABLE = YES;
				HEADER_SEARCH_PATHS = (
					"../../**",
					"../../../../cloudbuilder/delivery/openssl/iOS/include/**",
					"../../include/**",
				);
				IPHONEOS_DEPLOYMENT_TARGET = 5.1.1;
				OTHER_CFLAGS = (
					"-DHAVE_CONFIG_H",
					"-DBUILDING_LIBCURL",
					"-DCURL_STATICLIB",
					"-DHTTP_ONLY",
					"-DCURL_DISABLE_RTSP",
					"-DCURL_DISABLE_GOPHER",
					"-DCURL_DISABLE_POP3",
					"-DCURL_DISABLE_DICT",
					"-DCURL_DISABLE_FILE",
					"-DCURL_DISABLE_FTP",
					"-DCURL_DISABLE_IMAP",
					"-DCURL_DISABLE_LDAP",
					"-DCURL_DISABLE_SMTP",
					"-DCURL_DISABLE_TELNET",
					"-DCURL_DISABLE_TFTP",
					"-DUSE_OPENSSL",
					"-DUSE_SSLEAY",
				);
				SDKROOT = iphoneos;
				VALIDATE_PRODUCT = YES;
			};
			name = Release;
		};
		C282E5F21615ACB70027D1BA /* Release */ = {
			isa = XCBuildConfiguration;
			buildSettings = {
				DSTROOT = /tmp/iOSCurl.dst;
				GCC_PRECOMPILE_PREFIX_HEADER = YES;
				GCC_PREFIX_HEADER = "iOSCurl/iOSCurl-Prefix.pch";
				IPHONEOS_DEPLOYMENT_TARGET = 5.1;
				ONLY_ACTIVE_ARCH = NO;
				OTHER_CFLAGS = (
					"-DHAVE_CONFIG_H",
					"-DBUILDING_LIBCURL",
					"-DCURL_STATICLIB",
					"-DHTTP_ONLY",
					"-DCURL_DISABLE_RTSP",
					"-DCURL_DISABLE_GOPHER",
					"-DCURL_DISABLE_POP3",
					"-DCURL_DISABLE_DICT",
					"-DCURL_DISABLE_FILE",
					"-DCURL_DISABLE_FTP",
					"-DCURL_DISABLE_IMAP",
					"-DCURL_DISABLE_LDAP",
					"-DCURL_DISABLE_SMTP",
					"-DCURL_DISABLE_TELNET",
					"-DCURL_DISABLE_TFTP",
					"-DUSE_OPENSSL",
					"-DUSE_SSLEAY",
					"-DENABLE_IPV6",
				);
				OTHER_LDFLAGS = "-ObjC";
				PRODUCT_NAME = "$(TARGET_NAME)";
				SKIP_INSTALL = YES;
			};
			name = Release;
		};
/* End XCBuildConfiguration section */

/* Begin XCConfigurationList section */
		3710A20714E50F300064946F /* Build configuration list for PBXProject "iOSCurl" */ = {
			isa = XCConfigurationList;
			buildConfigurations = (
				C282E5EF1615ACA60027D1BA /* Debug */,
				C282E5F11615ACB70027D1BA /* Release */,
			);
			defaultConfigurationIsVisible = 0;
			defaultConfigurationName = Debug;
		};
		3710A21A14E50F300064946F /* Build configuration list for PBXNativeTarget "iOSCurl" */ = {
			isa = XCConfigurationList;
			buildConfigurations = (
				C282E5F01615ACA60027D1BA /* Debug */,
				C282E5F21615ACB70027D1BA /* Release */,
			);
			defaultConfigurationIsVisible = 0;
			defaultConfigurationName = Debug;
		};
/* End XCConfigurationList section */
	};
	rootObject = 3710A20414E50F300064946F /* Project object */;
}
