
Microsoft Visual Studio Solution File, Format Version 12.00
# Visual Studio 14
VisualStudioVersion = 14.0.25420.1
MinimumVisualStudioVersion = 10.0.40219.1
Project("{8BC9CEB8-8B4A-11D0-8D11-00A0C91BC942}") = "libcurl", "lib\vc6libcurl.vcxproj", "{3321A670-B57F-7A29-64B2-381696848E9E}"
EndProject
Global
	GlobalSection(SolutionConfigurationPlatforms) = preSolution
		Debug_VS2015|Win32 = Debug_VS2015|Win32
		Debug_VS2015|x64 = Debug_VS2015|x64
		Release_VS2015|Win32 = Release_VS2015|Win32
		Release_VS2015|x64 = Release_VS2015|x64
	EndGlobalSection
	GlobalSection(ProjectConfigurationPlatforms) = postSolution
		{3321A670-B57F-7A29-64B2-381696848E9E}.Debug_VS2015|Win32.ActiveCfg = Debug_VS2015|Win32
		{3321A670-B57F-7A29-64B2-381696848E9E}.Debug_VS2015|Win32.Build.0 = Debug_VS2015|Win32
		{3321A670-B57F-7A29-64B2-381696848E9E}.Debug_VS2015|x64.ActiveCfg = Debug_VS2015|x64
		{3321A670-B57F-7A29-64B2-381696848E9E}.Debug_VS2015|x64.Build.0 = Debug_VS2015|x64
		{3321A670-B57F-7A29-64B2-381696848E9E}.Release_VS2015|Win32.ActiveCfg = Release_VS2015|Win32
		{3321A670-B57F-7A29-64B2-381696848E9E}.Release_VS2015|Win32.Build.0 = Release_VS2015|Win32
		{3321A670-B57F-7A29-64B2-381696848E9E}.Release_VS2015|x64.ActiveCfg = Release_VS2015|x64
		{3321A670-B57F-7A29-64B2-381696848E9E}.Release_VS2015|x64.Build.0 = Release_VS2015|x64
	EndGlobalSection
	GlobalSection(SolutionProperties) = preSolution
		HideSolutionNode = FALSE
	EndGlobalSection
EndGlobal
